
Microsoft Visual Studio Solution File, Format Version 12.00
# Visual Studio Version 17
VisualStudioVersion = 17.4.33122.133
MinimumVisualStudioVersion = 10.0.40219.1
Project("{8BC9CEB8-8B4A-11D0-8D11-00A0C91BC942}") = "Excellence", "Excellence\Excellence.vcxproj", "{BE95C95C-26BD-4445-9330-151B630AF9D6}"
EndProject
Project("{8BC9CEB8-8B4A-11D0-8D11-00A0C91BC942}") = "ClassTime", "ClassTime\ClassTime.vcxproj", "{C772A1CF-BA87-4A83-97F1-42A0C4A33858}"
EndProject
Project("{8BC9CEB8-8B4A-11D0-8D11-00A0C91BC942}") = "Surf", "Surf\Surf.vcxproj", "{EBBF8D85-2C7B-446B-AD49-0C433D5657DB}"
EndProject
Project("{8BC9CEB8-8B4A-11D0-8D11-00A0C91BC942}") = "Triangle", "Triangle\Triangle.vcxproj", "{4DEC2073-991B-4C2A-A902-8B01EA785651}"
EndProject
Project("{8BC9CEB8-8B4A-11D0-8D11-00A0C91BC942}") = "Alphabet", "Alphabet\Alphabet.vcxproj", "{7FE6113B-D542-4AE7-B3DC-C6E15634D513}"
EndProject
Project("{2150E333-8FDC-42A3-9474-1A3956D46DE8}") = "2015", "2015", "{5ED0C00E-A0DC-4C5D-8BB1-34D1A10FAF41}"
EndProject
Project("{2150E333-8FDC-42A3-9474-1A3956D46DE8}") = "2016", "2016", "{79E33F8A-4131-4C24-AF66-E762F232C2DE}"
EndProject
Project("{8BC9CEB8-8B4A-11D0-8D11-00A0C91BC942}") = "Barbells", "Barbells\Barbells.vcxproj", "{DB1C2E6E-5163-418E-AC8F-916257161489}"
EndProject
Project("{8BC9CEB8-8B4A-11D0-8D11-00A0C91BC942}") = "MagicTrick", "MagicTrick\MagicTrick.vcxproj", "{7275E4C5-25B2-4A2C-86C7-9D3BC0053B7D}"
EndProject
Project("{8BC9CEB8-8B4A-11D0-8D11-00A0C91BC942}") = "Grid", "Grid\Grid.vcxproj", "{06E3AD79-1D94-40CD-BBEA-4741DABC02F2}"
EndProject
Project("{8BC9CEB8-8B4A-11D0-8D11-00A0C91BC942}") = "EggDrop", "EggDrop\EggDrop.vcxproj", "{E08477BA-5CD0-4795-80C2-63D431CE6E0A}"
EndProject
Project("{8BC9CEB8-8B4A-11D0-8D11-00A0C91BC942}") = "Complexity", "Complexity\Complexity.vcxproj", "{B9FE9E0D-0615-4786-9C29-2BF0AA8B13C2}"
EndProject
Project("{8BC9CEB8-8B4A-11D0-8D11-00A0C91BC942}") = "ICPI_Template", "ICPI_Template\ICPI_Template.vcxproj", "{11DEB581-4524-4C03-B568-72CDCF6E4032}"
EndProject
Project("{2150E333-8FDC-42A3-9474-1A3956D46DE8}") = "Input", "Input", "{53063F6C-8211-49F9-A094-4C288390A64C}"
	ProjectSection(SolutionItems) = preProject
		input.txt = input.txt
	EndProjectSection
EndProject
Global
	GlobalSection(SolutionConfigurationPlatforms) = preSolution
		Debug|x64 = Debug|x64
		Debug|x86 = Debug|x86
		Release|x64 = Release|x64
		Release|x86 = Release|x86
	EndGlobalSection
	GlobalSection(ProjectConfigurationPlatforms) = postSolution
		{BE95C95C-26BD-4445-9330-151B630AF9D6}.Debug|x64.ActiveCfg = Debug|x64
		{BE95C95C-26BD-4445-9330-151B630AF9D6}.Debug|x64.Build.0 = Debug|x64
		{BE95C95C-26BD-4445-9330-151B630AF9D6}.Debug|x86.ActiveCfg = Debug|Win32
		{BE95C95C-26BD-4445-9330-151B630AF9D6}.Debug|x86.Build.0 = Debug|Win32
		{BE95C95C-26BD-4445-9330-151B630AF9D6}.Release|x64.ActiveCfg = Release|x64
		{BE95C95C-26BD-4445-9330-151B630AF9D6}.Release|x64.Build.0 = Release|x64
		{BE95C95C-26BD-4445-9330-151B630AF9D6}.Release|x86.ActiveCfg = Release|Win32
		{BE95C95C-26BD-4445-9330-151B630AF9D6}.Release|x86.Build.0 = Release|Win32
		{C772A1CF-BA87-4A83-97F1-42A0C4A33858}.Debug|x64.ActiveCfg = Debug|x64
		{C772A1CF-BA87-4A83-97F1-42A0C4A33858}.Debug|x64.Build.0 = Debug|x64
		{C772A1CF-BA87-4A83-97F1-42A0C4A33858}.Debug|x86.ActiveCfg = Debug|Win32
		{C772A1CF-BA87-4A83-97F1-42A0C4A33858}.Debug|x86.Build.0 = Debug|Win32
		{C772A1CF-BA87-4A83-97F1-42A0C4A33858}.Release|x64.ActiveCfg = Release|x64
		{C772A1CF-BA87-4A83-97F1-42A0C4A33858}.Release|x64.Build.0 = Release|x64
		{C772A1CF-BA87-4A83-97F1-42A0C4A33858}.Release|x86.ActiveCfg = Release|Win32
		{C772A1CF-BA87-4A83-97F1-42A0C4A33858}.Release|x86.Build.0 = Release|Win32
		{EBBF8D85-2C7B-446B-AD49-0C433D5657DB}.Debug|x64.ActiveCfg = Debug|x64
		{EBBF8D85-2C7B-446B-AD49-0C433D5657DB}.Debug|x64.Build.0 = Debug|x64
		{EBBF8D85-2C7B-446B-AD49-0C433D5657DB}.Debug|x86.ActiveCfg = Debug|Win32
		{EBBF8D85-2C7B-446B-AD49-0C433D5657DB}.Debug|x86.Build.0 = Debug|Win32
		{EBBF8D85-2C7B-446B-AD49-0C433D5657DB}.Release|x64.ActiveCfg = Release|x64
		{EBBF8D85-2C7B-446B-AD49-0C433D5657DB}.Release|x64.Build.0 = Release|x64
		{EBBF8D85-2C7B-446B-AD49-0C433D5657DB}.Release|x86.ActiveCfg = Release|Win32
		{EBBF8D85-2C7B-446B-AD49-0C433D5657DB}.Release|x86.Build.0 = Release|Win32
		{4DEC2073-991B-4C2A-A902-8B01EA785651}.Debug|x64.ActiveCfg = Debug|x64
		{4DEC2073-991B-4C2A-A902-8B01EA785651}.Debug|x64.Build.0 = Debug|x64
		{4DEC2073-991B-4C2A-A902-8B01EA785651}.Debug|x86.ActiveCfg = Debug|Win32
		{4DEC2073-991B-4C2A-A902-8B01EA785651}.Debug|x86.Build.0 = Debug|Win32
		{4DEC2073-991B-4C2A-A902-8B01EA785651}.Release|x64.ActiveCfg = Release|x64
		{4DEC2073-991B-4C2A-A902-8B01EA785651}.Release|x64.Build.0 = Release|x64
		{4DEC2073-991B-4C2A-A902-8B01EA785651}.Release|x86.ActiveCfg = Release|Win32
		{4DEC2073-991B-4C2A-A902-8B01EA785651}.Release|x86.Build.0 = Release|Win32
		{7FE6113B-D542-4AE7-B3DC-C6E15634D513}.Debug|x64.ActiveCfg = Debug|x64
		{7FE6113B-D542-4AE7-B3DC-C6E15634D513}.Debug|x64.Build.0 = Debug|x64
		{7FE6113B-D542-4AE7-B3DC-C6E15634D513}.Debug|x86.ActiveCfg = Debug|Win32
		{7FE6113B-D542-4AE7-B3DC-C6E15634D513}.Debug|x86.Build.0 = Debug|Win32
		{7FE6113B-D542-4AE7-B3DC-C6E15634D513}.Release|x64.ActiveCfg = Release|x64
		{7FE6113B-D542-4AE7-B3DC-C6E15634D513}.Release|x64.Build.0 = Release|x64
		{7FE6113B-D542-4AE7-B3DC-C6E15634D513}.Release|x86.ActiveCfg = Release|Win32
		{7FE6113B-D542-4AE7-B3DC-C6E15634D513}.Release|x86.Build.0 = Release|Win32
		{DB1C2E6E-5163-418E-AC8F-916257161489}.Debug|x64.ActiveCfg = Debug|x64
		{DB1C2E6E-5163-418E-AC8F-916257161489}.Debug|x64.Build.0 = Debug|x64
		{DB1C2E6E-5163-418E-AC8F-916257161489}.Debug|x86.ActiveCfg = Debug|Win32
		{DB1C2E6E-5163-418E-AC8F-916257161489}.Debug|x86.Build.0 = Debug|Win32
		{DB1C2E6E-5163-418E-AC8F-916257161489}.Release|x64.ActiveCfg = Release|x64
		{DB1C2E6E-5163-418E-AC8F-916257161489}.Release|x64.Build.0 = Release|x64
		{DB1C2E6E-5163-418E-AC8F-916257161489}.Release|x86.ActiveCfg = Release|Win32
		{DB1C2E6E-5163-418E-AC8F-916257161489}.Release|x86.Build.0 = Release|Win32
		{7275E4C5-25B2-4A2C-86C7-9D3BC0053B7D}.Debug|x64.ActiveCfg = Debug|x64
		{7275E4C5-25B2-4A2C-86C7-9D3BC0053B7D}.Debug|x64.Build.0 = Debug|x64
		{7275E4C5-25B2-4A2C-86C7-9D3BC0053B7D}.Debug|x86.ActiveCfg = Debug|Win32
		{7275E4C5-25B2-4A2C-86C7-9D3BC0053B7D}.Debug|x86.Build.0 = Debug|Win32
		{7275E4C5-25B2-4A2C-86C7-9D3BC0053B7D}.Release|x64.ActiveCfg = Release|x64
		{7275E4C5-25B2-4A2C-86C7-9D3BC0053B7D}.Release|x64.Build.0 = Release|x64
		{7275E4C5-25B2-4A2C-86C7-9D3BC0053B7D}.Release|x86.ActiveCfg = Release|Win32
		{7275E4C5-25B2-4A2C-86C7-9D3BC0053B7D}.Release|x86.Build.0 = Release|Win32
		{06E3AD79-1D94-40CD-BBEA-4741DABC02F2}.Debug|x64.ActiveCfg = Debug|x64
		{06E3AD79-1D94-40CD-BBEA-4741DABC02F2}.Debug|x64.Build.0 = Debug|x64
		{06E3AD79-1D94-40CD-BBEA-4741DABC02F2}.Debug|x86.ActiveCfg = Debug|Win32
		{06E3AD79-1D94-40CD-BBEA-4741DABC02F2}.Debug|x86.Build.0 = Debug|Win32
		{06E3AD79-1D94-40CD-BBEA-4741DABC02F2}.Release|x64.ActiveCfg = Release|x64
		{06E3AD79-1D94-40CD-BBEA-4741DABC02F2}.Release|x64.Build.0 = Release|x64
		{06E3AD79-1D94-40CD-BBEA-4741DABC02F2}.Release|x86.ActiveCfg = Release|Win32
		{06E3AD79-1D94-40CD-BBEA-4741DABC02F2}.Release|x86.Build.0 = Release|Win32
		{E08477BA-5CD0-4795-80C2-63D431CE6E0A}.Debug|x64.ActiveCfg = Debug|x64
		{E08477BA-5CD0-4795-80C2-63D431CE6E0A}.Debug|x64.Build.0 = Debug|x64
		{E08477BA-5CD0-4795-80C2-63D431CE6E0A}.Debug|x86.ActiveCfg = Debug|Win32
		{E08477BA-5CD0-4795-80C2-63D431CE6E0A}.Debug|x86.Build.0 = Debug|Win32
		{E08477BA-5CD0-4795-80C2-63D431CE6E0A}.Release|x64.ActiveCfg = Release|x64
		{E08477BA-5CD0-4795-80C2-63D431CE6E0A}.Release|x64.Build.0 = Release|x64
		{E08477BA-5CD0-4795-80C2-63D431CE6E0A}.Release|x86.ActiveCfg = Release|Win32
		{E08477BA-5CD0-4795-80C2-63D431CE6E0A}.Release|x86.Build.0 = Release|Win32
		{B9FE9E0D-0615-4786-9C29-2BF0AA8B13C2}.Debug|x64.ActiveCfg = Debug|x64
		{B9FE9E0D-0615-4786-9C29-2BF0AA8B13C2}.Debug|x64.Build.0 = Debug|x64
		{B9FE9E0D-0615-4786-9C29-2BF0AA8B13C2}.Debug|x86.ActiveCfg = Debug|Win32
		{B9FE9E0D-0615-4786-9C29-2BF0AA8B13C2}.Debug|x86.Build.0 = Debug|Win32
		{B9FE9E0D-0615-4786-9C29-2BF0AA8B13C2}.Release|x64.ActiveCfg = Release|x64
		{B9FE9E0D-0615-4786-9C29-2BF0AA8B13C2}.Release|x64.Build.0 = Release|x64
		{B9FE9E0D-0615-4786-9C29-2BF0AA8B13C2}.Release|x86.ActiveCfg = Release|Win32
		{B9FE9E0D-0615-4786-9C29-2BF0AA8B13C2}.Release|x86.Build.0 = Release|Win32
		{11DEB581-4524-4C03-B568-72CDCF6E4032}.Debug|x64.ActiveCfg = Debug|x64
		{11DEB581-4524-4C03-B568-72CDCF6E4032}.Debug|x64.Build.0 = Debug|x64
		{11DEB581-4524-4C03-B568-72CDCF6E4032}.Debug|x86.ActiveCfg = Debug|Win32
		{11DEB581-4524-4C03-B568-72CDCF6E4032}.Debug|x86.Build.0 = Debug|Win32
		{11DEB581-4524-4C03-B568-72CDCF6E4032}.Release|x64.ActiveCfg = Release|x64
		{11DEB581-4524-4C03-B568-72CDCF6E4032}.Release|x64.Build.0 = Release|x64
		{11DEB581-4524-4C03-B568-72CDCF6E4032}.Release|x86.ActiveCfg = Release|Win32
		{11DEB581-4524-4C03-B568-72CDCF6E4032}.Release|x86.Build.0 = Release|Win32
	EndGlobalSection
	GlobalSection(SolutionProperties) = preSolution
		HideSolutionNode = FALSE
	EndGlobalSection
	GlobalSection(NestedProjects) = preSolution
		{BE95C95C-26BD-4445-9330-151B630AF9D6} = {5ED0C00E-A0DC-4C5D-8BB1-34D1A10FAF41}
		{C772A1CF-BA87-4A83-97F1-42A0C4A33858} = {5ED0C00E-A0DC-4C5D-8BB1-34D1A10FAF41}
		{EBBF8D85-2C7B-446B-AD49-0C433D5657DB} = {5ED0C00E-A0DC-4C5D-8BB1-34D1A10FAF41}
		{4DEC2073-991B-4C2A-A902-8B01EA785651} = {5ED0C00E-A0DC-4C5D-8BB1-34D1A10FAF41}
		{7FE6113B-D542-4AE7-B3DC-C6E15634D513} = {79E33F8A-4131-4C24-AF66-E762F232C2DE}
		{DB1C2E6E-5163-418E-AC8F-916257161489} = {79E33F8A-4131-4C24-AF66-E762F232C2DE}
		{7275E4C5-25B2-4A2C-86C7-9D3BC0053B7D} = {5ED0C00E-A0DC-4C5D-8BB1-34D1A10FAF41}
		{06E3AD79-1D94-40CD-BBEA-4741DABC02F2} = {5ED0C00E-A0DC-4C5D-8BB1-34D1A10FAF41}
		{E08477BA-5CD0-4795-80C2-63D431CE6E0A} = {5ED0C00E-A0DC-4C5D-8BB1-34D1A10FAF41}
		{B9FE9E0D-0615-4786-9C29-2BF0AA8B13C2} = {5ED0C00E-A0DC-4C5D-8BB1-34D1A10FAF41}
	EndGlobalSection
	GlobalSection(ExtensibilityGlobals) = postSolution
		SolutionGuid = {9D00F3EC-8840-4BAB-9CAC-0874687DC918}
	EndGlobalSection
EndGlobal
